
Microsoft Visual Studio Solution File, Format Version 12.00
# Visual Studio Version 17
VisualStudioVersion = 17.14.36109.1
MinimumVisualStudioVersion = 10.0.40219.1
Project("{FAE04EC0-301F-11D3-BF4B-00C04F79EFBC}") = "VerticalSlice", "VerticalSlice\VerticalSlice.csproj", "{A768D841-0D7E-4787-A982-281D7DF6CF7A}"
EndProject
Project("{FAE04EC0-301F-11D3-BF4B-00C04F79EFBC}") = "Module.Orders", "Module.Orders\Module.Orders.csproj", "{64181E2C-7851-4B7B-944B-AF64BFE6C992}"
EndProject
Project("{FAE04EC0-301F-11D3-BF4B-00C04F79EFBC}") = "MessageHandler", "MessageHandler\MessageHandler.csproj", "{573507B3-5CAD-475B-90E3-DFD8204AEB34}"
EndProject
Project("{FAE04EC0-301F-11D3-BF4B-00C04F79EFBC}") = "SearchService", "SearchService\SearchService.csproj", "{295425F6-4947-4256-A014-E9E01C5DD389}"
EndProject
Project("{FAE04EC0-301F-11D3-BF4B-00C04F79EFBC}") = "SearchService.Shared", "SearchService.Shared\SearchService.Shared.csproj", "{76524CE6-27F6-4F7D-9648-DD237C7BC655}"
EndProject
Global
	GlobalSection(SolutionConfigurationPlatforms) = preSolution
		Debug|Any CPU = Debug|Any CPU
		Release|Any CPU = Release|Any CPU
	EndGlobalSection
	GlobalSection(ProjectConfigurationPlatforms) = postSolution
		{A768D841-0D7E-4787-A982-281D7DF6CF7A}.Debug|Any CPU.ActiveCfg = Debug|Any CPU
		{A768D841-0D7E-4787-A982-281D7DF6CF7A}.Debug|Any CPU.Build.0 = Debug|Any CPU
		{A768D841-0D7E-4787-A982-281D7DF6CF7A}.Release|Any CPU.ActiveCfg = Release|Any CPU
		{A768D841-0D7E-4787-A982-281D7DF6CF7A}.Release|Any CPU.Build.0 = Release|Any CPU
		{64181E2C-7851-4B7B-944B-AF64BFE6C992}.Debug|Any CPU.ActiveCfg = Debug|Any CPU
		{64181E2C-7851-4B7B-944B-AF64BFE6C992}.Debug|Any CPU.Build.0 = Debug|Any CPU
		{64181E2C-7851-4B7B-944B-AF64BFE6C992}.Release|Any CPU.ActiveCfg = Release|Any CPU
		{64181E2C-7851-4B7B-944B-AF64BFE6C992}.Release|Any CPU.Build.0 = Release|Any CPU
		{573507B3-5CAD-475B-90E3-DFD8204AEB34}.Debug|Any CPU.ActiveCfg = Debug|Any CPU
		{573507B3-5CAD-475B-90E3-DFD8204AEB34}.Debug|Any CPU.Build.0 = Debug|Any CPU
		{573507B3-5CAD-475B-90E3-DFD8204AEB34}.Release|Any CPU.ActiveCfg = Release|Any CPU
		{573507B3-5CAD-475B-90E3-DFD8204AEB34}.Release|Any CPU.Build.0 = Release|Any CPU
		{295425F6-4947-4256-A014-E9E01C5DD389}.Debug|Any CPU.ActiveCfg = Debug|Any CPU
		{295425F6-4947-4256-A014-E9E01C5DD389}.Debug|Any CPU.Build.0 = Debug|Any CPU
		{295425F6-4947-4256-A014-E9E01C5DD389}.Release|Any CPU.ActiveCfg = Release|Any CPU
		{295425F6-4947-4256-A014-E9E01C5DD389}.Release|Any CPU.Build.0 = Release|Any CPU
		{76524CE6-27F6-4F7D-9648-DD237C7BC655}.Debug|Any CPU.ActiveCfg = Debug|Any CPU
		{76524CE6-27F6-4F7D-9648-DD237C7BC655}.Debug|Any CPU.Build.0 = Debug|Any CPU
		{76524CE6-27F6-4F7D-9648-DD237C7BC655}.Release|Any CPU.ActiveCfg = Release|Any CPU
		{76524CE6-27F6-4F7D-9648-DD237C7BC655}.Release|Any CPU.Build.0 = Release|Any CPU
	EndGlobalSection
	GlobalSection(SolutionProperties) = preSolution
		HideSolutionNode = FALSE
	EndGlobalSection
	GlobalSection(ExtensibilityGlobals) = postSolution
		SolutionGuid = {8E1505A8-6088-4527-B295-70BB80782028}
	EndGlobalSection
EndGlobal
